#MicroXplorer Configuration settings - do not modify
File.Version=6
GPIO.groupedBy=Group By Peripherals
KeepUserPlacement=false
Mcu.CPN=STM32L031G6U3
Mcu.Family=STM32L0
Mcu.IP0=NVIC
Mcu.IP1=RCC
Mcu.IP2=SYS
Mcu.IP3=TIM22
Mcu.IPNb=4
Mcu.Name=STM32L031G(4-6)Ux
Mcu.Package=UFQFPN28
Mcu.Pin0=PA0-CK_IN
Mcu.Pin1=PA1
Mcu.Pin10=PA13
Mcu.Pin11=PA14
Mcu.Pin12=VP_SYS_VS_Systick
Mcu.Pin13=VP_TIM22_VS_ClockSourceINT
Mcu.Pin2=PA2
Mcu.Pin3=PA3
Mcu.Pin4=PA5
Mcu.Pin5=PA6
Mcu.Pin6=PA7
Mcu.Pin7=PB0
Mcu.Pin8=PB1
Mcu.Pin9=PA9
Mcu.PinsNb=14
Mcu.ThirdPartyNb=0
Mcu.UserConstants=
Mcu.UserName=STM32L031G6Ux
MxCube.Version=6.6.1
MxDb.Version=DB.6.0.60
NVIC.ForceEnableDMAVector=true
NVIC.HardFault_IRQn=true\:0\:0\:false\:false\:true\:false\:false\:false
NVIC.NonMaskableInt_IRQn=true\:0\:0\:false\:false\:true\:false\:false\:false
NVIC.PendSV_IRQn=true\:0\:0\:false\:false\:true\:false\:false\:false
NVIC.SVC_IRQn=true\:0\:0\:false\:false\:true\:false\:false\:true
NVIC.SysTick_IRQn=true\:3\:0\:false\:false\:true\:false\:true\:false
PA0-CK_IN.GPIOParameters=GPIO_Label
PA0-CK_IN.GPIO_Label=C_FOF
PA0-CK_IN.Locked=true
PA0-CK_IN.Signal=GPIO_Output
PA1.GPIOParameters=GPIO_Label
PA1.GPIO_Label=C_FOR
PA1.Locked=true
PA1.Signal=GPIO_Output
PA13.Mode=Serial_Wire
PA13.Signal=SYS_SWDIO
PA14.Mode=Serial_Wire
PA14.Signal=SYS_SWCLK
PA2.GPIOParameters=GPIO_Label
PA2.GPIO_Label=C_GPIOB
PA2.Locked=true
PA2.Signal=GPIO_Output
PA3.GPIOParameters=GPIO_Label
PA3.GPIO_Label=C_GPIOA
PA3.Locked=true
PA3.Signal=GPIO_Output
PA5.GPIOParameters=GPIO_Label
PA5.GPIO_Label=nFAULT
PA5.Locked=true
PA5.Signal=GPIO_Input
PA6.GPIOParameters=GPIO_Speed,GPIO_Label
PA6.GPIO_Label=IN_1
PA6.GPIO_Speed=GPIO_SPEED_FREQ_VERY_HIGH
PA6.Signal=S_TIM22_CH1
PA7.GPIOParameters=GPIO_Speed,GPIO_Label
PA7.GPIO_Label=IN_2
PA7.GPIO_Speed=GPIO_SPEED_FREQ_VERY_HIGH
PA7.Signal=S_TIM22_CH2
PA9.GPIOParameters=GPIO_PuPd,GPIO_Label
PA9.GPIO_Label=DCC_DATA
PA9.GPIO_PuPd=GPIO_PULLUP
PA9.Locked=true
PA9.Signal=GPXTI9
PB0.GPIOParameters=GPIO_Label
PB0.GPIO_Label=C_AUX1
PB0.Locked=true
PB0.Signal=GPIO_Output
PB1.GPIOParameters=GPIO_Label
PB1.GPIO_Label=C_AUX2
PB1.Locked=true
PB1.Signal=GPIO_Output
PinOutPanel.RotationAngle=0
ProjectManager.AskForMigrate=true
ProjectManager.BackupPrevious=false
ProjectManager.CompilerOptimize=6
ProjectManager.ComputerToolchain=false
ProjectManager.CoupleFile=true
ProjectManager.CustomerFirmwarePackage=
ProjectManager.DefaultFWLocation=true
ProjectManager.DeletePrevious=true
ProjectManager.DeviceId=STM32L031G6Ux
ProjectManager.FirmwarePackage=STM32Cube FW_L0 V1.12.1
ProjectManager.FreePins=false
ProjectManager.HalAssertFull=true
ProjectManager.HeapSize=0x200
ProjectManager.KeepUserCode=true
ProjectManager.LastFirmware=true
ProjectManager.LibraryCopy=2
ProjectManager.MainLocation=Core/Src
ProjectManager.NoMain=false
ProjectManager.PreviousToolchain=
ProjectManager.ProjectBuild=false
ProjectManager.ProjectFileName=software.ioc
ProjectManager.ProjectName=software
ProjectManager.RegisterCallBack=
ProjectManager.StackSize=0x400
ProjectManager.TargetToolchain=Makefile
ProjectManager.ToolChainLocation=
ProjectManager.UnderRoot=false
ProjectManager.functionlistsort=1-SystemClock_Config-RCC-false-HAL-false,2-MX_GPIO_Init-GPIO-false-HAL-true,3-MX_TIM22_Init-TIM22-false-HAL-true
RCC.AHBFreq_Value=32000000
RCC.APB1Freq_Value=32000000
RCC.APB1TimFreq_Value=32000000
RCC.APB2Freq_Value=32000000
RCC.APB2TimFreq_Value=32000000
RCC.FCLKCortexFreq_Value=32000000
RCC.FamilyName=M
RCC.HCLKFreq_Value=32000000
RCC.HSE_VALUE=8000000
RCC.HSI16_VALUE=16000000
RCC.HSI_VALUE=16000000
RCC.I2C1Freq_Value=32000000
RCC.IPParameters=AHBFreq_Value,APB1Freq_Value,APB1TimFreq_Value,APB2Freq_Value,APB2TimFreq_Value,FCLKCortexFreq_Value,FamilyName,HCLKFreq_Value,HSE_VALUE,HSI16_VALUE,HSI_VALUE,I2C1Freq_Value,LPTIMFreq_Value,LPUARTFreq_Value,LSE_VALUE,LSI_VALUE,MCOPinFreq_Value,MSI_VALUE,PLLCLKFreq_Value,PLLMUL,PWRFreq_Value,RTCFreq_Value,RTCHSEDivFreq_Value,SYSCLKFreq_VALUE,SYSCLKSource,TIMFreq_Value,TimerFreq_Value,USART2Freq_Value,VCOOutputFreq_Value,WatchDogFreq_Value
RCC.LPTIMFreq_Value=32000000
RCC.LPUARTFreq_Value=32000000
RCC.LSE_VALUE=32768
RCC.LSI_VALUE=37000
RCC.MCOPinFreq_Value=32000000
RCC.MSI_VALUE=2097000
RCC.PLLCLKFreq_Value=32000000
RCC.PLLMUL=RCC_PLLMUL_4
RCC.PWRFreq_Value=32000000
RCC.RTCFreq_Value=37000
RCC.RTCHSEDivFreq_Value=4000000
RCC.SYSCLKFreq_VALUE=32000000
RCC.SYSCLKSource=RCC_SYSCLKSOURCE_PLLCLK
RCC.TIMFreq_Value=32000000
RCC.TimerFreq_Value=32000000
RCC.USART2Freq_Value=32000000
RCC.VCOOutputFreq_Value=64000000
RCC.WatchDogFreq_Value=37000
SH.GPXTI9.0=GPIO_EXTI9
SH.GPXTI9.ConfNb=1
SH.S_TIM22_CH1.0=TIM22_CH1,Forced Output1 CH1
SH.S_TIM22_CH1.ConfNb=1
SH.S_TIM22_CH2.0=TIM22_CH2,PWM Generation2 CH2
SH.S_TIM22_CH2.ConfNb=1
TIM22.Channel-Forced\ Output1\ CH1=TIM_CHANNEL_1
TIM22.Channel-PWM\ Generation2\ CH2=TIM_CHANNEL_2
TIM22.IPParameters=Prescaler,Period,Channel-Forced Output1 CH1,Channel-PWM Generation2 CH2
TIM22.Period=128
TIM22.Prescaler=12-1
VP_SYS_VS_Systick.Mode=SysTick
VP_SYS_VS_Systick.Signal=SYS_VS_Systick
VP_TIM22_VS_ClockSourceINT.Mode=Internal
VP_TIM22_VS_ClockSourceINT.Signal=TIM22_VS_ClockSourceINT
board=custom
